
Microsoft Visual Studio Solution File, Format Version 12.00
# Visual Studio Version 17
VisualStudioVersion = 17.2.32526.322
MinimumVisualStudioVersion = 10.0.40219.1
Project("{9A19103F-16F7-4668-BE54-9A1E7A4F7556}") = "spaghetto", "spaghetto\spaghetto.csproj", "{C38428AD-0F18-4B71-A1B5-EB569B84D945}"
EndProject
Project("{9A19103F-16F7-4668-BE54-9A1E7A4F7556}") = "WinFormsLibNew", "WinFormsLibNew\WinFormsLibNew.csproj", "{77FC54B6-BB16-49CC-9EFE-767F2232055B}"
EndProject
Project("{9A19103F-16F7-4668-BE54-9A1E7A4F7556}") = "spaghettoCLI", "spaghettoCLI\spaghettoCLI.csproj", "{64E44FFD-A8E4-4548-AB1F-43D4B4F0CD7D}"
EndProject
Global
	GlobalSection(SolutionConfigurationPlatforms) = preSolution
		Debug|Any CPU = Debug|Any CPU
		Release|Any CPU = Release|Any CPU
	EndGlobalSection
	GlobalSection(ProjectConfigurationPlatforms) = postSolution
		{C38428AD-0F18-4B71-A1B5-EB569B84D945}.Debug|Any CPU.ActiveCfg = Debug|Any CPU
		{C38428AD-0F18-4B71-A1B5-EB569B84D945}.Debug|Any CPU.Build.0 = Debug|Any CPU
		{C38428AD-0F18-4B71-A1B5-EB569B84D945}.Release|Any CPU.ActiveCfg = Release|Any CPU
		{C38428AD-0F18-4B71-A1B5-EB569B84D945}.Release|Any CPU.Build.0 = Release|Any CPU
		{77FC54B6-BB16-49CC-9EFE-767F2232055B}.Debug|Any CPU.ActiveCfg = Debug|Any CPU
		{77FC54B6-BB16-49CC-9EFE-767F2232055B}.Debug|Any CPU.Build.0 = Debug|Any CPU
		{77FC54B6-BB16-49CC-9EFE-767F2232055B}.Release|Any CPU.ActiveCfg = Release|Any CPU
		{77FC54B6-BB16-49CC-9EFE-767F2232055B}.Release|Any CPU.Build.0 = Release|Any CPU
		{64E44FFD-A8E4-4548-AB1F-43D4B4F0CD7D}.Debug|Any CPU.ActiveCfg = Debug|Any CPU
		{64E44FFD-A8E4-4548-AB1F-43D4B4F0CD7D}.Debug|Any CPU.Build.0 = Debug|Any CPU
		{64E44FFD-A8E4-4548-AB1F-43D4B4F0CD7D}.Release|Any CPU.ActiveCfg = Release|Any CPU
		{64E44FFD-A8E4-4548-AB1F-43D4B4F0CD7D}.Release|Any CPU.Build.0 = Release|Any CPU
	EndGlobalSection
	GlobalSection(SolutionProperties) = preSolution
		HideSolutionNode = FALSE
	EndGlobalSection
	GlobalSection(ExtensibilityGlobals) = postSolution
		SolutionGuid = {EAB579D2-7F8F-4D85-A6AD-CA563DF0667D}
	EndGlobalSection
EndGlobal
