
Microsoft Visual Studio Solution File, Format Version 12.00
# Visual Studio Version 17
VisualStudioVersion = 17.2.32526.322
MinimumVisualStudioVersion = 10.0.40219.1
Project("{9A19103F-16F7-4668-BE54-9A1E7A4F7556}") = "spaghetto", "spaghetto\spaghetto.csproj", "{C38428AD-0F18-4B71-A1B5-EB569B84D945}"
EndProject
Project("{9A19103F-16F7-4668-BE54-9A1E7A4F7556}") = "spaghettoCLI", "spaghettoCLI\spaghettoCLI.csproj", "{64E44FFD-A8E4-4548-AB1F-43D4B4F0CD7D}"
EndProject
Project("{2150E333-8FDC-42A3-9474-1A3956D46DE8}") = "stdlib", "stdlib", "{D2C74680-6182-4352-808D-C3AA9AE91E6D}"
EndProject
Project("{9A19103F-16F7-4668-BE54-9A1E7A4F7556}") = "spaghetto.Stdlib.IO", "spaghetto.Stdlib.IO\spaghetto.Stdlib.IO.csproj", "{325C4B51-3AB9-455D-BFA3-A452FE7AD672}"
EndProject
Project("{9A19103F-16F7-4668-BE54-9A1E7A4F7556}") = "spaghetto.Stdlib.Lang", "spaghetto.Stdlib.Lang\spaghetto.Stdlib.Lang.csproj", "{47CCCC78-91BE-4C69-B340-725ACB963E58}"
EndProject
Project("{2150E333-8FDC-42A3-9474-1A3956D46DE8}") = "cosmos", "cosmos", "{4F7301E1-43A3-41F0-8AC4-CD1E39DE4CB4}"
EndProject
Project("{9A19103F-16F7-4668-BE54-9A1E7A4F7556}") = "SpaghettoCosmosTestKernel", "SpaghettoCosmosTestKernel\SpaghettoCosmosTestKernel.csproj", "{B9093756-EE3F-4265-815E-6DED16CAD141}"
EndProject
Project("{9A19103F-16F7-4668-BE54-9A1E7A4F7556}") = "spaghettoPacker", "spaghettoPacker\spaghettoPacker.csproj", "{B8A4B70C-8317-492B-BD54-E9DCC6241A9E}"
EndProject
Project("{9A19103F-16F7-4668-BE54-9A1E7A4F7556}") = "PerfTest", "PerfTest\PerfTest.csproj", "{39D90083-FC05-4C82-8AEA-23AFB2B7C7FB}"
EndProject
Global
	GlobalSection(SolutionConfigurationPlatforms) = preSolution
		Debug|Any CPU = Debug|Any CPU
		Release|Any CPU = Release|Any CPU
	EndGlobalSection
	GlobalSection(ProjectConfigurationPlatforms) = postSolution
		{C38428AD-0F18-4B71-A1B5-EB569B84D945}.Debug|Any CPU.ActiveCfg = Debug|Any CPU
		{C38428AD-0F18-4B71-A1B5-EB569B84D945}.Debug|Any CPU.Build.0 = Debug|Any CPU
		{C38428AD-0F18-4B71-A1B5-EB569B84D945}.Release|Any CPU.ActiveCfg = Release|Any CPU
		{C38428AD-0F18-4B71-A1B5-EB569B84D945}.Release|Any CPU.Build.0 = Release|Any CPU
		{64E44FFD-A8E4-4548-AB1F-43D4B4F0CD7D}.Debug|Any CPU.ActiveCfg = Debug|Any CPU
		{64E44FFD-A8E4-4548-AB1F-43D4B4F0CD7D}.Debug|Any CPU.Build.0 = Debug|Any CPU
		{64E44FFD-A8E4-4548-AB1F-43D4B4F0CD7D}.Release|Any CPU.ActiveCfg = Release|Any CPU
		{64E44FFD-A8E4-4548-AB1F-43D4B4F0CD7D}.Release|Any CPU.Build.0 = Release|Any CPU
		{325C4B51-3AB9-455D-BFA3-A452FE7AD672}.Debug|Any CPU.ActiveCfg = Debug|Any CPU
		{325C4B51-3AB9-455D-BFA3-A452FE7AD672}.Debug|Any CPU.Build.0 = Debug|Any CPU
		{325C4B51-3AB9-455D-BFA3-A452FE7AD672}.Release|Any CPU.ActiveCfg = Release|Any CPU
		{325C4B51-3AB9-455D-BFA3-A452FE7AD672}.Release|Any CPU.Build.0 = Release|Any CPU
		{47CCCC78-91BE-4C69-B340-725ACB963E58}.Debug|Any CPU.ActiveCfg = Debug|Any CPU
		{47CCCC78-91BE-4C69-B340-725ACB963E58}.Debug|Any CPU.Build.0 = Debug|Any CPU
		{47CCCC78-91BE-4C69-B340-725ACB963E58}.Release|Any CPU.ActiveCfg = Release|Any CPU
		{47CCCC78-91BE-4C69-B340-725ACB963E58}.Release|Any CPU.Build.0 = Release|Any CPU
		{B9093756-EE3F-4265-815E-6DED16CAD141}.Debug|Any CPU.ActiveCfg = Debug|Any CPU
		{B9093756-EE3F-4265-815E-6DED16CAD141}.Debug|Any CPU.Build.0 = Debug|Any CPU
		{B9093756-EE3F-4265-815E-6DED16CAD141}.Release|Any CPU.ActiveCfg = Release|Any CPU
		{B9093756-EE3F-4265-815E-6DED16CAD141}.Release|Any CPU.Build.0 = Release|Any CPU
		{B8A4B70C-8317-492B-BD54-E9DCC6241A9E}.Debug|Any CPU.ActiveCfg = Debug|Any CPU
		{B8A4B70C-8317-492B-BD54-E9DCC6241A9E}.Debug|Any CPU.Build.0 = Debug|Any CPU
		{B8A4B70C-8317-492B-BD54-E9DCC6241A9E}.Release|Any CPU.ActiveCfg = Release|Any CPU
		{B8A4B70C-8317-492B-BD54-E9DCC6241A9E}.Release|Any CPU.Build.0 = Release|Any CPU
		{39D90083-FC05-4C82-8AEA-23AFB2B7C7FB}.Debug|Any CPU.ActiveCfg = Debug|Any CPU
		{39D90083-FC05-4C82-8AEA-23AFB2B7C7FB}.Debug|Any CPU.Build.0 = Debug|Any CPU
		{39D90083-FC05-4C82-8AEA-23AFB2B7C7FB}.Release|Any CPU.ActiveCfg = Release|Any CPU
		{39D90083-FC05-4C82-8AEA-23AFB2B7C7FB}.Release|Any CPU.Build.0 = Release|Any CPU
	EndGlobalSection
	GlobalSection(SolutionProperties) = preSolution
		HideSolutionNode = FALSE
	EndGlobalSection
	GlobalSection(NestedProjects) = preSolution
		{325C4B51-3AB9-455D-BFA3-A452FE7AD672} = {D2C74680-6182-4352-808D-C3AA9AE91E6D}
		{47CCCC78-91BE-4C69-B340-725ACB963E58} = {D2C74680-6182-4352-808D-C3AA9AE91E6D}
		{B9093756-EE3F-4265-815E-6DED16CAD141} = {4F7301E1-43A3-41F0-8AC4-CD1E39DE4CB4}
	EndGlobalSection
	GlobalSection(ExtensibilityGlobals) = postSolution
		SolutionGuid = {EAB579D2-7F8F-4D85-A6AD-CA563DF0667D}
	EndGlobalSection
EndGlobal
